<Solution>
  <Project Path="C:/Users/kie7a/Downloads/Login Avatar animation/Login Avatar animation/Login Avatar animation/Login Avatar animation/Login Avatar animation.csproj" Id="a9653cef-d950-485c-b97f-5858e185cf47" />
  <Project Path="SmartEx3/SmartEx3.csproj" Id="5e33abb8-f310-440c-88c6-8f3f213e55a2" />
  <Project Path="ThucHanhLaiProjectt/ThucHanhLaiProjectt.csproj" Id="8a94a8cb-4c0b-4cfd-a572-774c4366f05f" />
</Solution>
